github.com/dvislobokov/shost v1.0.0 h1:uxnL8f8dS4CEoIwc1LvFEH4Xvj+drA74R+e91VNQOAc=
github.com/dvislobokov/shost v1.0.0/go.mod h1:1BLZV79rOMcSTcw2y2Rt95ddUwuQms7Olx4fC2t5oWg=
golang.org/x/sys v0.47.0 h1:o7XGOvZQCADBQQ4Y7VNq2dRWQR7JmOUW8Kxx4ZsNgWs=
golang.org/x/sys v0.47.0/go.mod h1:4GL1E5IUh+htKOUEOaiffhrAeqysfVGipDYzABqnCmw=
